
Microsoft Visual Studio Solution File, Format Version 12.00
# Visual Studio Version 17
VisualStudioVersion = 17.2.32505.173
MinimumVisualStudioVersion = 10.0.40219.1
Project("{9A19103F-16F7-4668-BE54-9A1E7A4F7556}") = "FootballLeague.API", "FootballLeague.API\FootballLeague.API.csproj", "{03AD836D-2D01-4845-8E2D-5A83F9931E13}"
EndProject
Project("{FAE04EC0-301F-11D3-BF4B-00C04F79EFBC}") = "FootballLeague.Models", "FootballLeague.Models\FootballLeague.Models.csproj", "{74D837D8-C619-4406-8439-3A9E6ED3DBA0}"
EndProject
Global
	GlobalSection(SolutionConfigurationPlatforms) = preSolution
		Debug|Any CPU = Debug|Any CPU
		Release|Any CPU = Release|Any CPU
	EndGlobalSection
	GlobalSection(ProjectConfigurationPlatforms) = postSolution
		{03AD836D-2D01-4845-8E2D-5A83F9931E13}.Debug|Any CPU.ActiveCfg = Debug|Any CPU
		{03AD836D-2D01-4845-8E2D-5A83F9931E13}.Debug|Any CPU.Build.0 = Debug|Any CPU
		{03AD836D-2D01-4845-8E2D-5A83F9931E13}.Release|Any CPU.ActiveCfg = Release|Any CPU
		{03AD836D-2D01-4845-8E2D-5A83F9931E13}.Release|Any CPU.Build.0 = Release|Any CPU
		{74D837D8-C619-4406-8439-3A9E6ED3DBA0}.Debug|Any CPU.ActiveCfg = Debug|Any CPU
		{74D837D8-C619-4406-8439-3A9E6ED3DBA0}.Debug|Any CPU.Build.0 = Debug|Any CPU
		{74D837D8-C619-4406-8439-3A9E6ED3DBA0}.Release|Any CPU.ActiveCfg = Release|Any CPU
		{74D837D8-C619-4406-8439-3A9E6ED3DBA0}.Release|Any CPU.Build.0 = Release|Any CPU
	EndGlobalSection
	GlobalSection(SolutionProperties) = preSolution
		HideSolutionNode = FALSE
	EndGlobalSection
	GlobalSection(ExtensibilityGlobals) = postSolution
		SolutionGuid = {74D06CA3-48F1-4B95-98F7-A2DB16A5F7FA}
	EndGlobalSection
EndGlobal
